
Microsoft Visual Studio Solution File, Format Version 12.00
# Visual Studio Version 17
VisualStudioVersion = 17.5.33627.172
MinimumVisualStudioVersion = 10.0.40219.1
Project("{9A19103F-16F7-4668-BE54-9A1E7A4F7556}") = "SpeechRecognizerCoreMVC6", "SpeechRecognizerCoreMVC6.csproj", "{68E83379-4869-4ED5-9764-FB5999772B39}"
EndProject
Global
	GlobalSection(SolutionConfigurationPlatforms) = preSolution
		Debug|Any CPU = Debug|Any CPU
		Debug|x64 = Debug|x64
		Release|Any CPU = Release|Any CPU
		Release|x64 = Release|x64
	EndGlobalSection
	GlobalSection(ProjectConfigurationPlatforms) = postSolution
		{68E83379-4869-4ED5-9764-FB5999772B39}.Debug|Any CPU.ActiveCfg = Debug|Any CPU
		{68E83379-4869-4ED5-9764-FB5999772B39}.Debug|Any CPU.Build.0 = Debug|Any CPU
		{68E83379-4869-4ED5-9764-FB5999772B39}.Debug|x64.ActiveCfg = Debug|x64
		{68E83379-4869-4ED5-9764-FB5999772B39}.Debug|x64.Build.0 = Debug|x64
		{68E83379-4869-4ED5-9764-FB5999772B39}.Release|Any CPU.ActiveCfg = Release|Any CPU
		{68E83379-4869-4ED5-9764-FB5999772B39}.Release|Any CPU.Build.0 = Release|Any CPU
		{68E83379-4869-4ED5-9764-FB5999772B39}.Release|x64.ActiveCfg = Release|x64
		{68E83379-4869-4ED5-9764-FB5999772B39}.Release|x64.Build.0 = Release|x64
	EndGlobalSection
	GlobalSection(SolutionProperties) = preSolution
		HideSolutionNode = FALSE
	EndGlobalSection
	GlobalSection(ExtensibilityGlobals) = postSolution
		SolutionGuid = {95FCB0A8-121B-4B77-9CEA-C4ECB814F057}
	EndGlobalSection
EndGlobal
